
Microsoft Visual Studio Solution File, Format Version 12.00
# Visual Studio Version 16
VisualStudioVersion = 16.0.29613.14
MinimumVisualStudioVersion = 10.0.40219.1
Project("{FAE04EC0-301F-11D3-BF4B-00C04F79EFBC}") = "University", "University.csproj", "{E9016A75-B25A-48C3-8E01-09FA367BA4E0}"
EndProject
Global
	GlobalSection(SolutionConfigurationPlatforms) = preSolution
		Debug|Any CPU = Debug|Any CPU
		Release|Any CPU = Release|Any CPU
	EndGlobalSection
	GlobalSection(ProjectConfigurationPlatforms) = postSolution
		{E9016A75-B25A-48C3-8E01-09FA367BA4E0}.Debug|Any CPU.ActiveCfg = Debug|Any CPU
		{E9016A75-B25A-48C3-8E01-09FA367BA4E0}.Debug|Any CPU.Build.0 = Debug|Any CPU
		{E9016A75-B25A-48C3-8E01-09FA367BA4E0}.Release|Any CPU.ActiveCfg = Release|Any CPU
		{E9016A75-B25A-48C3-8E01-09FA367BA4E0}.Release|Any CPU.Build.0 = Release|Any CPU
	EndGlobalSection
	GlobalSection(SolutionProperties) = preSolution
		HideSolutionNode = FALSE
	EndGlobalSection
	GlobalSection(ExtensibilityGlobals) = postSolution
		SolutionGuid = {5CEDFAED-A569-48F5-BFDB-4EB43EFFFB65}
	EndGlobalSection
EndGlobal
